# THIS IS AN AUTOGENERATED FILE. DO NOT EDIT THIS FILE DIRECTLY.
# yarn lockfile v1


highcharts@^7.1.1:
  version "7.1.1"
  resolved "https://registry.yarnpkg.com/highcharts/-/highcharts-7.1.1.tgz#8c4433e39d5e7dbdc064685d9548181a35e12c19"
  integrity sha512-BQtWDQmH4AweQNFLGJCHBQwv9tj9kyp35bp2FFpmNBm7LOecCQdLjvZNgUKvCsKzBzJJIywcwWu4QEcAkPGCjg==
